
Microsoft Visual Studio Solution File, Format Version 12.00
# Visual Studio Version 17
VisualStudioVersion = 17.9.34701.34
MinimumVisualStudioVersion = 10.0.40219.1
Project("{FAE04EC0-301F-11D3-BF4B-00C04F79EFBC}") = "Mod7EMpSystem", "Mod7EMpSystem\Mod7EMpSystem.csproj", "{2BE41088-71F4-4778-83FE-2602AD89B249}"
EndProject
Global
	GlobalSection(SolutionConfigurationPlatforms) = preSolution
		Debug|Any CPU = Debug|Any CPU
		Release|Any CPU = Release|Any CPU
	EndGlobalSection
	GlobalSection(ProjectConfigurationPlatforms) = postSolution
		{2BE41088-71F4-4778-83FE-2602AD89B249}.Debug|Any CPU.ActiveCfg = Debug|Any CPU
		{2BE41088-71F4-4778-83FE-2602AD89B249}.Debug|Any CPU.Build.0 = Debug|Any CPU
		{2BE41088-71F4-4778-83FE-2602AD89B249}.Release|Any CPU.ActiveCfg = Release|Any CPU
		{2BE41088-71F4-4778-83FE-2602AD89B249}.Release|Any CPU.Build.0 = Release|Any CPU
	EndGlobalSection
	GlobalSection(SolutionProperties) = preSolution
		HideSolutionNode = FALSE
	EndGlobalSection
	GlobalSection(ExtensibilityGlobals) = postSolution
		SolutionGuid = {77D8FF68-9D6A-4907-B671-C91B4FFD6415}
	EndGlobalSection
EndGlobal
